
Microsoft Visual Studio Solution File, Format Version 12.00
# Visual Studio 15
VisualStudioVersion = 15.0.28010.0
MinimumVisualStudioVersion = 10.0.40219.1
Project("{8BC9CEB8-8B4A-11D0-8D11-00A0C91BC942}") = "YGGDRASIL", "YGGDRASIL\YGGDRASIL.vcxproj", "{434EF452-D2E7-4362-BD31-C643740822E3}"
EndProject
Project("{8BC9CEB8-8B4A-11D0-8D11-00A0C91BC942}") = "DOLL", "DOLL\DOLL.vcxproj", "{6C3A94DC-E864-4611-8017-F9D468B9EB04}"
EndProject
Project("{8BC9CEB8-8B4A-11D0-8D11-00A0C91BC942}") = "INFINITE", "INFINITE\INFINITE.vcxproj", "{F46EF3BB-3476-4E0F-9B1F-7FFE095CD45C}"
EndProject
Global
	GlobalSection(SolutionConfigurationPlatforms) = preSolution
		Debug|x64 = Debug|x64
		Debug|x86 = Debug|x86
		Release|x64 = Release|x64
		Release|x86 = Release|x86
	EndGlobalSection
	GlobalSection(ProjectConfigurationPlatforms) = postSolution
		{434EF452-D2E7-4362-BD31-C643740822E3}.Debug|x64.ActiveCfg = Debug|x64
		{434EF452-D2E7-4362-BD31-C643740822E3}.Debug|x64.Build.0 = Debug|x64
		{434EF452-D2E7-4362-BD31-C643740822E3}.Debug|x86.ActiveCfg = Debug|Win32
		{434EF452-D2E7-4362-BD31-C643740822E3}.Debug|x86.Build.0 = Debug|Win32
		{434EF452-D2E7-4362-BD31-C643740822E3}.Release|x64.ActiveCfg = Release|x64
		{434EF452-D2E7-4362-BD31-C643740822E3}.Release|x64.Build.0 = Release|x64
		{434EF452-D2E7-4362-BD31-C643740822E3}.Release|x86.ActiveCfg = Release|Win32
		{434EF452-D2E7-4362-BD31-C643740822E3}.Release|x86.Build.0 = Release|Win32
		{6C3A94DC-E864-4611-8017-F9D468B9EB04}.Debug|x64.ActiveCfg = Debug|x64
		{6C3A94DC-E864-4611-8017-F9D468B9EB04}.Debug|x64.Build.0 = Debug|x64
		{6C3A94DC-E864-4611-8017-F9D468B9EB04}.Debug|x86.ActiveCfg = Debug|Win32
		{6C3A94DC-E864-4611-8017-F9D468B9EB04}.Debug|x86.Build.0 = Debug|Win32
		{6C3A94DC-E864-4611-8017-F9D468B9EB04}.Release|x64.ActiveCfg = Release|x64
		{6C3A94DC-E864-4611-8017-F9D468B9EB04}.Release|x64.Build.0 = Release|x64
		{6C3A94DC-E864-4611-8017-F9D468B9EB04}.Release|x86.ActiveCfg = Release|Win32
		{6C3A94DC-E864-4611-8017-F9D468B9EB04}.Release|x86.Build.0 = Release|Win32
		{F46EF3BB-3476-4E0F-9B1F-7FFE095CD45C}.Debug|x64.ActiveCfg = Debug|x64
		{F46EF3BB-3476-4E0F-9B1F-7FFE095CD45C}.Debug|x64.Build.0 = Debug|x64
		{F46EF3BB-3476-4E0F-9B1F-7FFE095CD45C}.Debug|x86.ActiveCfg = Debug|Win32
		{F46EF3BB-3476-4E0F-9B1F-7FFE095CD45C}.Debug|x86.Build.0 = Debug|Win32
		{F46EF3BB-3476-4E0F-9B1F-7FFE095CD45C}.Release|x64.ActiveCfg = Release|x64
		{F46EF3BB-3476-4E0F-9B1F-7FFE095CD45C}.Release|x64.Build.0 = Release|x64
		{F46EF3BB-3476-4E0F-9B1F-7FFE095CD45C}.Release|x86.ActiveCfg = Release|Win32
		{F46EF3BB-3476-4E0F-9B1F-7FFE095CD45C}.Release|x86.Build.0 = Release|Win32
	EndGlobalSection
	GlobalSection(SolutionProperties) = preSolution
		HideSolutionNode = FALSE
	EndGlobalSection
	GlobalSection(ExtensibilityGlobals) = postSolution
		SolutionGuid = {F04F3685-C024-46FC-9DF9-338E6264F303}
	EndGlobalSection
EndGlobal
