
Microsoft Visual Studio Solution File, Format Version 12.00
# Visual Studio 15
VisualStudioVersion = 15.0.28010.0
MinimumVisualStudioVersion = 10.0.40219.1
Project("{8BC9CEB8-8B4A-11D0-8D11-00A0C91BC942}") = "YGGDRASIL", "YGGDRASIL\YGGDRASIL.vcxproj", "{434EF452-D2E7-4362-BD31-C643740822E3}"
	ProjectSection(ProjectDependencies) = postProject
		{02FD3233-75CC-4DD4-8EF2-0AE2670642A8} = {02FD3233-75CC-4DD4-8EF2-0AE2670642A8}
		{2A5DBCF2-FA2D-4125-8902-EAB8FD3D1C93} = {2A5DBCF2-FA2D-4125-8902-EAB8FD3D1C93}
	EndProjectSection
EndProject
Project("{8BC9CEB8-8B4A-11D0-8D11-00A0C91BC942}") = "DOLL", "DOLL\DOLL.vcxproj", "{6C3A94DC-E864-4611-8017-F9D468B9EB04}"
EndProject
Project("{8BC9CEB8-8B4A-11D0-8D11-00A0C91BC942}") = "INFINITE", "INFINITE\INFINITE.vcxproj", "{F46EF3BB-3476-4E0F-9B1F-7FFE095CD45C}"
EndProject
Project("{2150E333-8FDC-42A3-9474-1A3956D46DE8}") = "SProject", "SProject", "{5FDCF309-0A9A-4DBC-931F-D44D400887F6}"
EndProject
Project("{2150E333-8FDC-42A3-9474-1A3956D46DE8}") = "SEngine", "SEngine", "{88C98425-D6D0-4EF9-A775-E6B5E2B93C0E}"
EndProject
Project("{2150E333-8FDC-42A3-9474-1A3956D46DE8}") = "SRenderer", "SRenderer", "{9E17B0F1-07C1-46A2-9989-BED028A9DEF8}"
EndProject
Project("{8BC9CEB8-8B4A-11D0-8D11-00A0C91BC942}") = "SRenderEngine", "SEngine\SRenderEngine\SRenderEngine.vcxproj", "{02FD3233-75CC-4DD4-8EF2-0AE2670642A8}"
EndProject
Project("{8BC9CEB8-8B4A-11D0-8D11-00A0C91BC942}") = "GLRenderer", "SEngine\GLRenderer\GLRenderer.vcxproj", "{2A5DBCF2-FA2D-4125-8902-EAB8FD3D1C93}"
	ProjectSection(ProjectDependencies) = postProject
		{02FD3233-75CC-4DD4-8EF2-0AE2670642A8} = {02FD3233-75CC-4DD4-8EF2-0AE2670642A8}
	EndProjectSection
EndProject
Global
	GlobalSection(SolutionConfigurationPlatforms) = preSolution
		Debug|x64 = Debug|x64
		Debug|x86 = Debug|x86
		Release|x64 = Release|x64
		Release|x86 = Release|x86
	EndGlobalSection
	GlobalSection(ProjectConfigurationPlatforms) = postSolution
		{434EF452-D2E7-4362-BD31-C643740822E3}.Debug|x64.ActiveCfg = Debug|x64
		{434EF452-D2E7-4362-BD31-C643740822E3}.Debug|x64.Build.0 = Debug|x64
		{434EF452-D2E7-4362-BD31-C643740822E3}.Debug|x86.ActiveCfg = Debug|Win32
		{434EF452-D2E7-4362-BD31-C643740822E3}.Debug|x86.Build.0 = Debug|Win32
		{434EF452-D2E7-4362-BD31-C643740822E3}.Release|x64.ActiveCfg = Release|x64
		{434EF452-D2E7-4362-BD31-C643740822E3}.Release|x64.Build.0 = Release|x64
		{434EF452-D2E7-4362-BD31-C643740822E3}.Release|x86.ActiveCfg = Release|Win32
		{434EF452-D2E7-4362-BD31-C643740822E3}.Release|x86.Build.0 = Release|Win32
		{6C3A94DC-E864-4611-8017-F9D468B9EB04}.Debug|x64.ActiveCfg = Debug|x64
		{6C3A94DC-E864-4611-8017-F9D468B9EB04}.Debug|x64.Build.0 = Debug|x64
		{6C3A94DC-E864-4611-8017-F9D468B9EB04}.Debug|x86.ActiveCfg = Debug|Win32
		{6C3A94DC-E864-4611-8017-F9D468B9EB04}.Debug|x86.Build.0 = Debug|Win32
		{6C3A94DC-E864-4611-8017-F9D468B9EB04}.Release|x64.ActiveCfg = Release|x64
		{6C3A94DC-E864-4611-8017-F9D468B9EB04}.Release|x64.Build.0 = Release|x64
		{6C3A94DC-E864-4611-8017-F9D468B9EB04}.Release|x86.ActiveCfg = Release|Win32
		{6C3A94DC-E864-4611-8017-F9D468B9EB04}.Release|x86.Build.0 = Release|Win32
		{F46EF3BB-3476-4E0F-9B1F-7FFE095CD45C}.Debug|x64.ActiveCfg = Debug|x64
		{F46EF3BB-3476-4E0F-9B1F-7FFE095CD45C}.Debug|x64.Build.0 = Debug|x64
		{F46EF3BB-3476-4E0F-9B1F-7FFE095CD45C}.Debug|x86.ActiveCfg = Debug|Win32
		{F46EF3BB-3476-4E0F-9B1F-7FFE095CD45C}.Debug|x86.Build.0 = Debug|Win32
		{F46EF3BB-3476-4E0F-9B1F-7FFE095CD45C}.Release|x64.ActiveCfg = Release|x64
		{F46EF3BB-3476-4E0F-9B1F-7FFE095CD45C}.Release|x64.Build.0 = Release|x64
		{F46EF3BB-3476-4E0F-9B1F-7FFE095CD45C}.Release|x86.ActiveCfg = Release|Win32
		{F46EF3BB-3476-4E0F-9B1F-7FFE095CD45C}.Release|x86.Build.0 = Release|Win32
		{02FD3233-75CC-4DD4-8EF2-0AE2670642A8}.Debug|x64.ActiveCfg = Debug|x64
		{02FD3233-75CC-4DD4-8EF2-0AE2670642A8}.Debug|x64.Build.0 = Debug|x64
		{02FD3233-75CC-4DD4-8EF2-0AE2670642A8}.Debug|x86.ActiveCfg = Debug|Win32
		{02FD3233-75CC-4DD4-8EF2-0AE2670642A8}.Debug|x86.Build.0 = Debug|Win32
		{02FD3233-75CC-4DD4-8EF2-0AE2670642A8}.Release|x64.ActiveCfg = Release|x64
		{02FD3233-75CC-4DD4-8EF2-0AE2670642A8}.Release|x64.Build.0 = Release|x64
		{02FD3233-75CC-4DD4-8EF2-0AE2670642A8}.Release|x86.ActiveCfg = Release|Win32
		{02FD3233-75CC-4DD4-8EF2-0AE2670642A8}.Release|x86.Build.0 = Release|Win32
		{2A5DBCF2-FA2D-4125-8902-EAB8FD3D1C93}.Debug|x64.ActiveCfg = Debug|x64
		{2A5DBCF2-FA2D-4125-8902-EAB8FD3D1C93}.Debug|x64.Build.0 = Debug|x64
		{2A5DBCF2-FA2D-4125-8902-EAB8FD3D1C93}.Debug|x86.ActiveCfg = Debug|Win32
		{2A5DBCF2-FA2D-4125-8902-EAB8FD3D1C93}.Debug|x86.Build.0 = Debug|Win32
		{2A5DBCF2-FA2D-4125-8902-EAB8FD3D1C93}.Release|x64.ActiveCfg = Release|x64
		{2A5DBCF2-FA2D-4125-8902-EAB8FD3D1C93}.Release|x64.Build.0 = Release|x64
		{2A5DBCF2-FA2D-4125-8902-EAB8FD3D1C93}.Release|x86.ActiveCfg = Release|Win32
		{2A5DBCF2-FA2D-4125-8902-EAB8FD3D1C93}.Release|x86.Build.0 = Release|Win32
	EndGlobalSection
	GlobalSection(SolutionProperties) = preSolution
		HideSolutionNode = FALSE
	EndGlobalSection
	GlobalSection(NestedProjects) = preSolution
		{434EF452-D2E7-4362-BD31-C643740822E3} = {5FDCF309-0A9A-4DBC-931F-D44D400887F6}
		{6C3A94DC-E864-4611-8017-F9D468B9EB04} = {5FDCF309-0A9A-4DBC-931F-D44D400887F6}
		{F46EF3BB-3476-4E0F-9B1F-7FFE095CD45C} = {5FDCF309-0A9A-4DBC-931F-D44D400887F6}
		{9E17B0F1-07C1-46A2-9989-BED028A9DEF8} = {88C98425-D6D0-4EF9-A775-E6B5E2B93C0E}
		{02FD3233-75CC-4DD4-8EF2-0AE2670642A8} = {88C98425-D6D0-4EF9-A775-E6B5E2B93C0E}
		{2A5DBCF2-FA2D-4125-8902-EAB8FD3D1C93} = {9E17B0F1-07C1-46A2-9989-BED028A9DEF8}
	EndGlobalSection
	GlobalSection(ExtensibilityGlobals) = postSolution
		SolutionGuid = {F04F3685-C024-46FC-9DF9-338E6264F303}
	EndGlobalSection
EndGlobal
