<?xml version="1.0" encoding="utf-8"?>
<Project ToolsVersion="4.0" xmlns="http://schemas.microsoft.com/developer/msbuild/2003">
  <ItemGroup>
    <Filter Include="Source Files">
      <UniqueIdentifier>{c64bce71-0988-431e-bc95-53c3a5694251}</UniqueIdentifier>
    </Filter>
    <Filter Include="Shader Files">
      <UniqueIdentifier>{eee22477-82c2-48a2-803c-df99b20e42a4}</UniqueIdentifier>
    </Filter>
    <Filter Include="Source Files\OpenGL">
      <UniqueIdentifier>{496d8314-c4a7-4eca-9017-7458554ff1bc}</UniqueIdentifier>
    </Filter>
    <Filter Include="Source Files\YGGRendering">
      <UniqueIdentifier>{df24c691-3a92-438c-ab18-92f535027e60}</UniqueIdentifier>
    </Filter>
  </ItemGroup>
  <ItemGroup>
    <None Include="res\shaders\fragPerpixelShading.glsl">
      <Filter>Shader Files</Filter>
    </None>
    <None Include="res\shaders\vertPerpixelShading.glsl">
      <Filter>Shader Files</Filter>
    </None>
  </ItemGroup>
  <ItemGroup>
    <ClCompile Include="Src\main.cpp">
      <Filter>Source Files</Filter>
    </ClCompile>
    <ClCompile Include="Src\camera.cpp">
      <Filter>Source Files\OpenGL</Filter>
    </ClCompile>
    <ClCompile Include="Src\mesh.cpp">
      <Filter>Source Files\OpenGL</Filter>
    </ClCompile>
    <ClCompile Include="Src\model.cpp">
      <Filter>Source Files\OpenGL</Filter>
    </ClCompile>
    <ClCompile Include="Src\shader.cpp">
      <Filter>Source Files\OpenGL</Filter>
    </ClCompile>
    <ClCompile Include="Src\technique.cpp">
      <Filter>Source Files\OpenGL</Filter>
    </ClCompile>
    <ClCompile Include="Src\yggTechnique.cpp">
      <Filter>Source Files\YGGRendering</Filter>
    </ClCompile>
    <ClCompile Include="Src\yggRendering.cpp">
      <Filter>Source Files\YGGRendering</Filter>
    </ClCompile>
  </ItemGroup>
  <ItemGroup>
    <ClInclude Include="Src\camera.h">
      <Filter>Source Files\OpenGL</Filter>
    </ClInclude>
    <ClInclude Include="Src\mesh.h">
      <Filter>Source Files\OpenGL</Filter>
    </ClInclude>
    <ClInclude Include="Src\model.h">
      <Filter>Source Files\OpenGL</Filter>
    </ClInclude>
    <ClInclude Include="Src\shader.h">
      <Filter>Source Files\OpenGL</Filter>
    </ClInclude>
    <ClInclude Include="Src\technique.h">
      <Filter>Source Files\OpenGL</Filter>
    </ClInclude>
    <ClInclude Include="Src\yggTechnique.h">
      <Filter>Source Files\YGGRendering</Filter>
    </ClInclude>
    <ClInclude Include="Src\yggRendering.h">
      <Filter>Source Files\YGGRendering</Filter>
    </ClInclude>
  </ItemGroup>
</Project>